version: 2.0
shards:
  agent_kit:
    git: https://github.com/alexkutsan/agentkit.git
    version: 0.1.0+git.commit.7d0bb4081e0f83ea18666079103f318479b527b9

  ameba:
    git: https://github.com/crystal-ameba/ameba.git
    version: 1.6.4

  crygen:
    git: https://github.com/tamdaz/crygen.git
    version: 0.5.1

  mcprotocol:
    git: https://github.com/nobodywasishere/mcprotocol.git
    version: 0.1.0+git.commit.be43857991158cde50b47d48c9bec9ed01c28f95

