version: 2.0
shards:
  mcp:
    git: https://github.com/spider-gazelle/mcp.cr.git
    version: 0.2.0+git.commit.d6ca3e5a3ad37e394af7cf91a2c0717f73cd232f

  pool:
    git: https://github.com/ysbaddaden/pool.git
    version: 0.2.4

  redis:
    git: https://github.com/stefanwille/crystal-redis.git
    version: 2.9.1

